
Microsoft Visual Studio Solution File, Format Version 12.00
# Visual Studio Version 17
VisualStudioVersion = 17.6.33712.159
MinimumVisualStudioVersion = 10.0.40219.1
Project("{888888A0-9F3D-457C-B088-3A5042F75D52}") = "FoodManagementApp", "FoodManagementApp.pyproj", "{9CE8CA79-66BD-4CFC-AF8C-C55C4B6F43EA}"
EndProject
Global
	GlobalSection(SolutionConfigurationPlatforms) = preSolution
		Debug|Any CPU = Debug|Any CPU
		Release|Any CPU = Release|Any CPU
	EndGlobalSection
	GlobalSection(ProjectConfigurationPlatforms) = postSolution
		{9CE8CA79-66BD-4CFC-AF8C-C55C4B6F43EA}.Debug|Any CPU.ActiveCfg = Debug|Any CPU
		{9CE8CA79-66BD-4CFC-AF8C-C55C4B6F43EA}.Release|Any CPU.ActiveCfg = Release|Any CPU
	EndGlobalSection
	GlobalSection(SolutionProperties) = preSolution
		HideSolutionNode = FALSE
	EndGlobalSection
	GlobalSection(ExtensibilityGlobals) = postSolution
		SolutionGuid = {3850E264-EDD2-4C13-89F4-C1D4EE542713}
	EndGlobalSection
EndGlobal
